github.com/cogentcore/webgpu v0.23.0 h1:hrjnnuDZAPSRsqBjQAsJOyg2COGztIkBbxL87r0Q9KE=
github.com/cogentcore/webgpu v0.23.0/go.mod h1:ciqaxChrmRRMU1SnI5OE12Cn3QWvOKO+e5nSy+N9S1o=
github.com/odvcencio/gotreesitter v0.20.0-rc3 h1:TYy+tVaiEwq9G2u8K0sdNDQV6EhYcgIiRFUTYnORqtk=
github.com/odvcencio/gotreesitter v0.20.0-rc3/go.mod h1:hBVkghd0paaYAVwd2087vfwdeU984bQbMo9LvpE0moo=
golang.org/x/text v0.37.0 h1:Cqjiwd9eSg8e0QAkyCaQTNHFIIzWtidPahFWR83rTrc=
golang.org/x/text v0.37.0/go.mod h1:a5sjxXGs9hsn/AJVwuElvCAo9v8QYLzvavO5z2PiM38=
