github.com/odvcencio/gotreesitter v0.20.1 h1:h6aiS5AvXhpfCdLzOSQui8IYkJBmH+tZuujInZzVxFw=
github.com/odvcencio/gotreesitter v0.20.1/go.mod h1:hBVkghd0paaYAVwd2087vfwdeU984bQbMo9LvpE0moo=
github.com/townsendmerino/aikit v0.4.0 h1:fDHtlY+sFNHuuT1vlvaKDOtUgueniHEMxEh+/BbaIeA=
github.com/townsendmerino/aikit v0.4.0/go.mod h1:UhgMEx0ow8/i5NAK9TUcJMtIQxrhHmGv4Xjg7DmsDDU=
